
Microsoft Visual Studio Solution File, Format Version 12.00
# Visual Studio Version 16
VisualStudioVersion = 16.0.29409.12
MinimumVisualStudioVersion = 10.0.40219.1
Project("{FAE04EC0-301F-11D3-BF4B-00C04F79EFBC}") = "Min_Max_Difference", "Min_Max_Difference\Min_Max_Difference.csproj", "{F93856D9-C500-4CFA-A932-5C95FBA6451E}"
EndProject
Global
	GlobalSection(SolutionConfigurationPlatforms) = preSolution
		Debug|Any CPU = Debug|Any CPU
		Release|Any CPU = Release|Any CPU
	EndGlobalSection
	GlobalSection(ProjectConfigurationPlatforms) = postSolution
		{F93856D9-C500-4CFA-A932-5C95FBA6451E}.Debug|Any CPU.ActiveCfg = Debug|Any CPU
		{F93856D9-C500-4CFA-A932-5C95FBA6451E}.Debug|Any CPU.Build.0 = Debug|Any CPU
		{F93856D9-C500-4CFA-A932-5C95FBA6451E}.Release|Any CPU.ActiveCfg = Release|Any CPU
		{F93856D9-C500-4CFA-A932-5C95FBA6451E}.Release|Any CPU.Build.0 = Release|Any CPU
	EndGlobalSection
	GlobalSection(SolutionProperties) = preSolution
		HideSolutionNode = FALSE
	EndGlobalSection
	GlobalSection(ExtensibilityGlobals) = postSolution
		SolutionGuid = {35AF1938-BE67-4000-9F81-6B58251A55ED}
	EndGlobalSection
EndGlobal
